
Microsoft Visual Studio Solution File, Format Version 12.00
# Visual Studio Version 17
VisualStudioVersion = 17.5.002.0
MinimumVisualStudioVersion = 10.0.40219.1
Project("{9A19103F-16F7-4668-BE54-9A1E7A4F7556}") = "Atividade", "Atividade\Atividade.csproj", "{AA3DA2CE-0876-4735-9208-38FA43A7AF75}"
EndProject
Global
	GlobalSection(SolutionConfigurationPlatforms) = preSolution
		Debug|Any CPU = Debug|Any CPU
		Release|Any CPU = Release|Any CPU
	EndGlobalSection
	GlobalSection(ProjectConfigurationPlatforms) = postSolution
		{AA3DA2CE-0876-4735-9208-38FA43A7AF75}.Debug|Any CPU.ActiveCfg = Debug|Any CPU
		{AA3DA2CE-0876-4735-9208-38FA43A7AF75}.Debug|Any CPU.Build.0 = Debug|Any CPU
		{AA3DA2CE-0876-4735-9208-38FA43A7AF75}.Release|Any CPU.ActiveCfg = Release|Any CPU
		{AA3DA2CE-0876-4735-9208-38FA43A7AF75}.Release|Any CPU.Build.0 = Release|Any CPU
	EndGlobalSection
	GlobalSection(SolutionProperties) = preSolution
		HideSolutionNode = FALSE
	EndGlobalSection
	GlobalSection(ExtensibilityGlobals) = postSolution
		SolutionGuid = {1F591F7F-4163-4C6A-89F4-A334FA82A81F}
	EndGlobalSection
EndGlobal
